
Microsoft Visual Studio Solution File, Format Version 12.00
# Visual Studio 15
VisualStudioVersion = 15.0.28307.1259
MinimumVisualStudioVersion = 10.0.40219.1
Project("{FAE04EC0-301F-11D3-BF4B-00C04F79EFBC}") = "PasswordChecker", "PasswordChecker\PasswordChecker.csproj", "{74074380-4BF2-481C-8035-923464A070A5}"
EndProject
Global
	GlobalSection(SolutionConfigurationPlatforms) = preSolution
		Debug|Any CPU = Debug|Any CPU
		Release|Any CPU = Release|Any CPU
	EndGlobalSection
	GlobalSection(ProjectConfigurationPlatforms) = postSolution
		{74074380-4BF2-481C-8035-923464A070A5}.Debug|Any CPU.ActiveCfg = Debug|Any CPU
		{74074380-4BF2-481C-8035-923464A070A5}.Debug|Any CPU.Build.0 = Debug|Any CPU
		{74074380-4BF2-481C-8035-923464A070A5}.Release|Any CPU.ActiveCfg = Release|Any CPU
		{74074380-4BF2-481C-8035-923464A070A5}.Release|Any CPU.Build.0 = Release|Any CPU
	EndGlobalSection
	GlobalSection(SolutionProperties) = preSolution
		HideSolutionNode = FALSE
	EndGlobalSection
	GlobalSection(ExtensibilityGlobals) = postSolution
		SolutionGuid = {70FC703A-185C-4F22-B0F5-779F1A5CBA19}
	EndGlobalSection
EndGlobal
